github.com/IBM-Cloud/bluemix-go v0.0.0-20251202072808-6f9778680861 h1:/4JtbspVbREcvuInhKUC3E1+TM3Qi8C+FX1MapcllU0=
github.com/IBM-Cloud/bluemix-go v0.0.0-20251202072808-6f9778680861/go.mod h1:S4FkCceVf+RgMsWU0mT1Khg8/fGFGGX95E+kbuxcMLQ=
github.com/IBM/go-sdk-core/v5 v5.21.2 h1:mJ5QbLPOm4g5qhZiVB6wbSllfpeUExftGoyPek2hk4M=
github.com/IBM/go-sdk-core/v5 v5.21.2/go.mod h1:ngpMgwkjur1VNUjqn11LPk3o5eCyOCRbcfg/0YAY7Hc=
github.com/IBM/networking-go-sdk v0.51.16 h1:cu1W8enK1SFgGAhglz2D9+jijV9cIixHHpEtI+FIlhU=
github.com/IBM/networking-go-sdk v0.51.16/go.mod h1:TAXWyBUk3C3R7aS1m84EfKdnDcBMZMAClwLfDj/SYZc=
github.com/IBM/platform-services-go-sdk v0.95.0 h1:K4le7e+5sbuSNa1GZp5XTKA4AJHpKddCcQUR17mRwCw=
github.com/IBM/platform-services-go-sdk v0.95.0/go.mod h1:KAnBhxKaYsu9It2aVXV6oCPEj78imvTs2qSG0ScZKpM=
github.com/IBM/platform-services-go-sdk v0.96.0 h1:eCo15IwATAPSEeRtwn0uDQPWtBcUlTKu+YTmIek7tNY=
github.com/IBM/platform-services-go-sdk v0.96.0/go.mod h1:KAnBhxKaYsu9It2aVXV6oCPEj78imvTs2qSG0ScZKpM=
github.com/coreos/go-semver v0.3.1 h1:yi21YpKnrx1gt5R+la8n5WgS0kCrsPp33dmEyHReZr4=
github.com/coreos/go-semver v0.3.1/go.mod h1:irMmmIw/7yzSRPWryHsK7EYSg09caPQL03VsM8rvUec=
github.com/coreos/go-systemd/v22 v22.6.0 h1:aGVa/v8B7hpb0TKl0MWoAavPDmHvobFe5R5zn0bCJWo=
github.com/coreos/go-systemd/v22 v22.6.0/go.mod h1:iG+pp635Fo7ZmV/j14KUcmEyWF+0X7Lua8rrTWzYgWU=
github.com/coreos/ignition/v2 v2.26.0 h1:Db4IO5ydZOMnJYINgbPuXlwAH1ul0/V71h20iKyBi6k=
github.com/coreos/ignition/v2 v2.26.0/go.mod h1:2f48nEXqnh1BU69Yq3lIWDvaYFSFQVZoFB7rB7wz7DY=
github.com/coreos/vcontext v0.0.0-20230201181013-d72178a18687 h1:uSmlDgJGbUB0bwQBcZomBTottKwEDF5fF8UjSwKSzWM=
github.com/coreos/vcontext v0.0.0-20230201181013-d72178a18687/go.mod h1:Salmysdw7DAVuobBW/LwsKKgpyCPHUhjyJoMJD+ZJiI=
github.com/creack/pty v1.1.9/go.mod h1:oKZEueFk5CKHvIhNR5MUki03XCEU+Q6VDXinZuGJ33E=
github.com/davecgh/go-spew v1.1.0/go.mod h1:J7Y8YcW2NihsgmVo/mv3lAwl/skON4iLHjSsI+c5H38=
github.com/davecgh/go-spew v1.1.1/go.mod h1:J7Y8YcW2NihsgmVo/mv3lAwl/skON4iLHjSsI+c5H38=
github.com/davecgh/go-spew v1.1.2-0.20180830191138-d8f796af33cc h1:U9qPSI2PIWSS1VwoXQT9A3Wy9MM3WgvqSxFWenqJduM=
github.com/davecgh/go-spew v1.1.2-0.20180830191138-d8f796af33cc/go.mod h1:J7Y8YcW2NihsgmVo/mv3lAwl/skON4iLHjSsI+c5H38=
github.com/fatih/color v1.16.0 h1:zmkK9Ngbjj+K0yRhTVONQh1p/HknKYSlNT+vZCzyokM=
github.com/fatih/color v1.16.0/go.mod h1:fL2Sau1YI5c0pdGEVCbKQbLXB6edEj1ZgiY4NijnWvE=
github.com/fsnotify/fsnotify v1.6.0 h1:n+5WquG0fcWoWp6xPWfHdbskMCQaFnG6PfBrh1Ky4HY=
github.com/fsnotify/fsnotify v1.6.0/go.mod h1:sl3t1tCWJFWoRz9R8WJCbQihKKwmorjAbSClcnxKAGw=
github.com/fxamacker/cbor/v2 v2.9.0 h1:NpKPmjDBgUfBms6tr6JZkTHtfFGcMKsw3eGcmD/sapM=
github.com/fxamacker/cbor/v2 v2.9.0/go.mod h1:vM4b+DJCtHn+zz7h3FFp/hDAI9WNWCsZj23V5ytsSxQ=
github.com/gabriel-vasile/mimetype v1.4.11 h1:AQvxbp830wPhHTqc1u7nzoLT+ZFxGY7emj5DR5DYFik=
github.com/gabriel-vasile/mimetype v1.4.11/go.mod h1:d+9Oxyo1wTzWdyVUPMmXFvp4F9tea18J8ufA774AB3s=
github.com/go-logr/logr v1.4.3 h1:CjnDlHq8ikf6E492q6eKboGOC0T8CDaOvkHCIg8idEI=
github.com/go-logr/logr v1.4.3/go.mod h1:9T104GzyrTigFIr8wt5mBrctHMim0Nb2HLGrmQ40KvY=
github.com/go-openapi/errors v0.22.4 h1:oi2K9mHTOb5DPW2Zjdzs/NIvwi2N3fARKaTJLdNabaM=
github.com/go-openapi/errors v0.22.4/go.mod h1:z9S8ASTUqx7+CP1Q8dD8ewGH/1JWFFLX/2PmAYNQLgk=
github.com/go-openapi/strfmt v0.25.0 h1:7R0RX7mbKLa9EYCTHRcCuIPcaqlyQiWNPTXwClK0saQ=
github.com/go-openapi/strfmt v0.25.0/go.mod h1:nNXct7OzbwrMY9+5tLX4I21pzcmE6ccMGXl3jFdPfn8=
github.com/go-openapi/testify/v2 v2.0.2 h1:X999g3jeLcoY8qctY/c/Z8iBHTbwLz7R2WXd6Ub6wls=
github.com/go-openapi/testify/v2 v2.0.2/go.mod h1:HCPmvFFnheKK2BuwSA0TbbdxJ3I16pjwMkYkP4Ywn54=
github.com/go-playground/assert/v2 v2.2.0 h1:JvknZsQTYeFEAhQwI4qEt9cyV5ONwRHC+lYKSsYSR8s=
github.com/go-playground/assert/v2 v2.2.0/go.mod h1:VDjEfimB/XKnb+ZQfWdccd7VUvScMdVu0Titje2rxJ4=
github.com/go-playground/locales v0.14.1 h1:EWaQ/wswjilfKLTECiXz7Rh+3BjFhfDFKv/oXslEjJA=
github.com/go-playground/locales v0.14.1/go.mod h1:hxrqLVvrK65+Rwrd5Fc6F2O76J/NuW9t0sjnWqG1slY=
github.com/go-playground/universal-translator v0.18.1 h1:Bcnm0ZwsGyWbCzImXv+pAJnYK9S473LQFuzCbDbfSFY=
github.com/go-playground/universal-translator v0.18.1/go.mod h1:xekY+UJKNuX9WP91TpwSH2VMlDf28Uj24BCp08ZFTUY=
github.com/go-playground/validator/v10 v10.28.0 h1:Q7ibns33JjyW48gHkuFT91qX48KG0ktULL6FgHdG688=
github.com/go-playground/validator/v10 v10.28.0/go.mod h1:GoI6I1SjPBh9p7ykNE/yj3fFYbyDOpwMn5KXd+m2hUU=
github.com/go-viper/mapstructure/v2 v2.4.0 h1:EBsztssimR/CONLSZZ04E8qAkxNYq4Qp9LvH92wZUgs=
github.com/go-viper/mapstructure/v2 v2.4.0/go.mod h1:oJDH3BJKyqBA2TXFhDsKDGDTlndYOZ6rGS0BRZIxGhM=
github.com/gofrs/uuid/v5 v5.4.0 h1:EfbpCTjqMuGyq5ZJwxqzn3Cbr2d0rUZU7v5ycAk/e/0=
github.com/gofrs/uuid/v5 v5.4.0/go.mod h1:CDOjlDMVAtN56jqyRUZh58JT31Tiw7/oQyEXZV+9bD8=
github.com/golang-jwt/jwt v3.2.2+incompatible h1:IfV12K8xAKAnZqdXVzCZ+TOjboZ2keLg81eXfW3O+oY=
github.com/golang-jwt/jwt v3.2.2+incompatible/go.mod h1:8pz2t5EyA70fFQQSrl6XZXzqecmYZeUEB8OUGHkxJ+I=
github.com/google/go-cmp v0.7.0 h1:wk8382ETsv4JYUZwIsn6YpYiWiBsYLSJiTsyBybVuN8=
github.com/google/go-cmp v0.7.0/go.mod h1:pXiqmnSA92OHEEa9HXL2W4E7lf9JzCmGVUdgjX3N/iU=
github.com/google/gofuzz v1.0.0/go.mod h1:dBl0BpW6vV/+mYPU4Po3pmUjxk6FQPldtuIdl/M65Eg=
github.com/google/uuid v1.6.0 h1:NIvaJDMOsjHA8n1jAhLSgzrAzy1Hgr+hNrb57e+94F0=
github.com/google/uuid v1.6.0/go.mod h1:TIyPZe4MgqvfeYDBFedMoGGpEw/LqOeaOT+nhxU+yHo=
github.com/gophercloud/gophercloud/v2 v2.10.0 h1:NRadC0aHNvy4iMoFXj5AFiPmut/Sj3hAPAo9B59VMGc=
github.com/gophercloud/gophercloud/v2 v2.10.0/go.mod h1:Ki/ILhYZr/5EPebrPL9Ej+tUg4lqx71/YH2JWVeU+Qk=
github.com/gophercloud/gophercloud/v2 v2.11.0 h1:S0Dp8wPE4mSyv7D0/kWGHnkbuKbzHYm4lQh+FcRRDFM=
github.com/gophercloud/gophercloud/v2 v2.11.0/go.mod h1:fai1ZgWxmROxYcEN3SKY0tQF3Uh0DDCAXU9q/xSQK6I=
github.com/gophercloud/utils/v2 v2.0.0-20260107124036-1d7954eb9711 h1:LgYkb/jttJKwFwZHZjaT8zA/Ef4HMtrosABO/pnSaJI=
github.com/gophercloud/utils/v2 v2.0.0-20260107124036-1d7954eb9711/go.mod h1:X6Plvu4Iot+ebr3g7tmw439sin+eGzDbO3tdjUOOP2I=
github.com/hashicorp/go-cleanhttp v0.5.2 h1:035FKYIWjmULyFRBKPs8TBQoi0x6d9G4xc9neXJWAZQ=
github.com/hashicorp/go-cleanhttp v0.5.2/go.mod h1:kO/YDlP8L1346E6Sodw+PrpBSV4/SoxCXGY6BqNFT48=
github.com/hashicorp/go-hclog v1.6.3 h1:Qr2kF+eVWjTiYmU7Y31tYlP1h0q/X3Nl3tPGdaB11/k=
github.com/hashicorp/go-hclog v1.6.3/go.mod h1:W4Qnvbt70Wk/zYJryRzDRU/4r0kIg0PVHBcfoyhpF5M=
github.com/hashicorp/go-retryablehttp v0.7.8 h1:ylXZWnqa7Lhqpk0L1P1LzDtGcCR0rPVUrx/c8Unxc48=
github.com/hashicorp/go-retryablehttp v0.7.8/go.mod h1:rjiScheydd+CxvumBsIrFKlx3iS0jrZ7LvzFGFmuKbw=
github.com/joho/godotenv v1.5.1 h1:7eLL/+HRGLY0ldzfGMeQkb7vMd0as4CfYvUVzLqw0N0=
github.com/joho/godotenv v1.5.1/go.mod h1:f4LDr5Voq0i2e/R5DDNOoa2zzDfwtkZa6DnEwAbqwq4=
github.com/json-iterator/go v1.1.12 h1:PV8peI4a0ysnczrg+LtxykD8LfKY9ML6u2jnxaEnrnM=
github.com/json-iterator/go v1.1.12/go.mod h1:e30LSqwooZae/UwlEbR2852Gd8hjQvJoHmT4TnhNGBo=
github.com/kr/pretty v0.3.1 h1:flRD4NNwYAUpkphVc1HcthR4KEIFJ65n8Mw5qdRn3LE=
github.com/kr/pretty v0.3.1/go.mod h1:hoEshYVHaxMs3cyo3Yncou5ZscifuDolrwPKZanG3xk=
github.com/kr/text v0.2.0 h1:5Nx0Ya0ZqY2ygV366QzturHI13Jq95ApcVaJBhpS+AY=
github.com/kr/text v0.2.0/go.mod h1:eLer722TekiGuMkidMxC/pM04lWEeraHUUmBw8l2grE=
github.com/leodido/go-urn v1.4.0 h1:WT9HwE9SGECu3lg4d/dIA+jxlljEa1/ffXKmRjqdmIQ=
github.com/leodido/go-urn v1.4.0/go.mod h1:bvxc+MVxLKB4z00jd1z+Dvzr47oO32F/QSNjSBOlFxI=
github.com/mattn/go-colorable v0.1.13 h1:fFA4WZxdEF4tXPZVKMLwD8oUnCTTo08duU7wxecdEvA=
github.com/mattn/go-colorable v0.1.13/go.mod h1:7S9/ev0klgBDR4GtXTXX8a3vIGJpMovkB8vQcUbaXHg=
github.com/mattn/go-isatty v0.0.20 h1:xfD0iDuEKnDkl03q4limB+vH+GxLEtL/jb4xVJSWWEY=
github.com/mattn/go-isatty v0.0.20/go.mod h1:W+V8PltTTMOvKvAeJH7IuucS94S2C6jfK/D7dTCTo3Y=
github.com/modern-go/concurrent v0.0.0-20180228061459-e0a39a4cb421/go.mod h1:6dJC0mAP4ikYIbvyc7fijjWJddQyLn8Ig3JB5CqoB9Q=
github.com/modern-go/concurrent v0.0.0-20180306012644-bacd9c7ef1dd h1:TRLaZ9cD/w8PVh93nsPXa1VrQ6jlwL5oN8l14QlcNfg=
github.com/modern-go/concurrent v0.0.0-20180306012644-bacd9c7ef1dd/go.mod h1:6dJC0mAP4ikYIbvyc7fijjWJddQyLn8Ig3JB5CqoB9Q=
github.com/modern-go/reflect2 v1.0.2/go.mod h1:yWuevngMOJpCy52FWWMvUC8ws7m/LJsjYzDa0/r8luk=
github.com/modern-go/reflect2 v1.0.3-0.20250322232337-35a7c28c31ee h1:W5t00kpgFdJifH4BDsTlE89Zl93FEloxaWZfGcifgq8=
github.com/modern-go/reflect2 v1.0.3-0.20250322232337-35a7c28c31ee/go.mod h1:yWuevngMOJpCy52FWWMvUC8ws7m/LJsjYzDa0/r8luk=
github.com/nxadm/tail v1.4.8 h1:nPr65rt6Y5JFSKQO7qToXr7pePgD6Gwiw05lkbyAQTE=
github.com/nxadm/tail v1.4.8/go.mod h1:+ncqLTQzXmGhMZNUePPaPqPvBxHAIsmXswZKocGu+AU=
github.com/oklog/ulid v1.3.1 h1:EGfNDEx6MqHz8B3uNV6QAib1UR2Lm97sHi3ocA6ESJ4=
github.com/oklog/ulid v1.3.1/go.mod h1:CirwcVhetQ6Lv90oh/F+FBtV6XMibvdAFo93nm5qn4U=
github.com/onsi/ginkgo v1.16.5 h1:8xi0RTUf59SOSfEtZMvwTvXYMzG4gV23XVHOZiXNtnE=
github.com/onsi/ginkgo v1.16.5/go.mod h1:+E8gABHa3K6zRBolWtd+ROzc/U5bkGt0FwiG042wbpU=
github.com/onsi/gomega v1.38.2 h1:eZCjf2xjZAqe+LeWvKb5weQ+NcPwX84kqJ0cZNxok2A=
github.com/onsi/gomega v1.38.2/go.mod h1:W2MJcYxRGV63b418Ai34Ud0hEdTVXq9NW9+Sx6uXf3k=
github.com/openshift/api v0.0.0-20260302174620-dcac36b908db h1:MOQ5JSIlbP4apwTrEdNpApT6PsnB0/1S6y9aKODp5Ks=
github.com/openshift/api v0.0.0-20260302174620-dcac36b908db/go.mod h1:pyVjK0nZ4sRs4fuQVQ4rubsJdahI1PB94LnQ8sGdvxo=
github.com/openshift/api v0.0.0-20260304122331-fa4ca2f2be59 h1:cp6BnGqm92zxbkogSNvjDN+73DxvCSokXnR5zL0REy0=
github.com/openshift/api v0.0.0-20260304122331-fa4ca2f2be59/go.mod h1:pyVjK0nZ4sRs4fuQVQ4rubsJdahI1PB94LnQ8sGdvxo=
github.com/openshift/api v0.0.0-20260305140000-0790d2957f54 h1:9df5tA4NFWCWmqW0apC33jGAeiH5AzICaKI7XF9LCXA=
github.com/openshift/api v0.0.0-20260305140000-0790d2957f54/go.mod h1:pyVjK0nZ4sRs4fuQVQ4rubsJdahI1PB94LnQ8sGdvxo=
github.com/openshift/api v0.0.0-20260306105915-ec7ab20aa8c4 h1:WJFsWIK6RgKablY+IXyIeTLPT2ZRHdHXYnG9Eq+9bhM=
github.com/openshift/api v0.0.0-20260306105915-ec7ab20aa8c4/go.mod h1:pyVjK0nZ4sRs4fuQVQ4rubsJdahI1PB94LnQ8sGdvxo=
github.com/openshift/api v0.0.0-20260306224518-0608f61fdd6b h1:Oli0BwTbjl7M8jc21eCxXMqed+mDBXY8mLn+Ba8qdAY=
github.com/openshift/api v0.0.0-20260306224518-0608f61fdd6b/go.mod h1:pyVjK0nZ4sRs4fuQVQ4rubsJdahI1PB94LnQ8sGdvxo=
github.com/openshift/api v0.0.0-20260309185601-71270106f276 h1:9QZuPCOT0ME3I7NmsAGBuzGvEyCyzQhAmbfmfCmrLhI=
github.com/openshift/api v0.0.0-20260309185601-71270106f276/go.mod h1:pyVjK0nZ4sRs4fuQVQ4rubsJdahI1PB94LnQ8sGdvxo=
github.com/openshift/api v0.0.0-20260310193758-1f950f74aded h1:fA3DWvRFbgMUYGqHbrb13EkzfMaF0XnesMmvr9h6QrA=
github.com/openshift/api v0.0.0-20260310193758-1f950f74aded/go.mod h1:pyVjK0nZ4sRs4fuQVQ4rubsJdahI1PB94LnQ8sGdvxo=
github.com/pmezard/go-difflib v1.0.0/go.mod h1:iKH77koFhYxTK1pcRnkKkqfTogsbg7gZNVY4sRDYZ/4=
github.com/pmezard/go-difflib v1.0.1-0.20181226105442-5d4384ee4fb2 h1:Jamvg5psRIccs7FGNTlIRMkT8wgtp5eCXdBlqhYGL6U=
github.com/pmezard/go-difflib v1.0.1-0.20181226105442-5d4384ee4fb2/go.mod h1:iKH77koFhYxTK1pcRnkKkqfTogsbg7gZNVY4sRDYZ/4=
github.com/rogpeppe/go-internal v1.14.1 h1:UQB4HGPB6osV0SQTLymcB4TgvyWu6ZyliaW0tI/otEQ=
github.com/rogpeppe/go-internal v1.14.1/go.mod h1:MaRKkUm5W0goXpeCfT7UZI6fk/L7L7so1lCWt35ZSgc=
github.com/sirupsen/logrus v1.9.4 h1:TsZE7l11zFCLZnZ+teH4Umoq5BhEIfIzfRDZ1Uzql2w=
github.com/sirupsen/logrus v1.9.4/go.mod h1:ftWc9WdOfJ0a92nsE2jF5u5ZwH8Bv2zdeOC42RjbV2g=
github.com/spf13/pflag v1.0.10 h1:4EBh2KAYBwaONj6b2Ye1GiHfwjqyROoF4RwYO+vPwFk=
github.com/spf13/pflag v1.0.10/go.mod h1:McXfInJRrz4CZXVZOBLb0bTZqETkiAhM9Iw0y3An2Bg=
github.com/stretchr/objx v0.1.0/go.mod h1:HFkY916IF+rwdDfMAkV7OtwuqBVzrE8GR6GFx+wExME=
github.com/stretchr/testify v1.3.0/go.mod h1:M5WIy9Dh21IEIfnGCwXGc5bZfKNJtfHm1UVUgZn+9EI=
github.com/stretchr/testify v1.11.1 h1:7s2iGBzp5EwR7/aIZr8ao5+dra3wiQyKjjFuvgVKu7U=
github.com/stretchr/testify v1.11.1/go.mod h1:wZwfW3scLgRK+23gO65QZefKpKQRnfz6sD981Nm4B6U=
github.com/vincent-petithory/dataurl v1.0.0 h1:cXw+kPto8NLuJtlMsI152irrVw9fRDX8AbShPRpg2CI=
github.com/vincent-petithory/dataurl v1.0.0/go.mod h1:FHafX5vmDzyP+1CQATJn7WFKc9CvnvxyvZy6I1MrG/U=
github.com/x448/float16 v0.8.4 h1:qLwI1I70+NjRFUR3zs1JPUCgaCXSh3SW62uAKT1mSBM=
github.com/x448/float16 v0.8.4/go.mod h1:14CWIYCyZA/cWjXOioeEpHeN/83MdbZDRQHoFcYsOfg=
go.mongodb.org/mongo-driver v1.17.6 h1:87JUG1wZfWsr6rIz3ZmpH90rL5tea7O3IHuSwHUpsss=
go.mongodb.org/mongo-driver v1.17.6/go.mod h1:Hy04i7O2kC4RS06ZrhPRqj/u4DTYkFDAAccj+rVKqgQ=
go.yaml.in/yaml/v2 v2.4.3 h1:6gvOSjQoTB3vt1l+CU+tSyi/HOjfOjRLJ4YwYZGwRO0=
go.yaml.in/yaml/v2 v2.4.3/go.mod h1:zSxWcmIDjOzPXpjlTTbAsKokqkDNAVtZO0WOMiT90s8=
go.yaml.in/yaml/v3 v3.0.4 h1:tfq32ie2Jv2UxXFdLJdh3jXuOzWiL1fo0bu/FbuKpbc=
go.yaml.in/yaml/v3 v3.0.4/go.mod h1:DhzuOOF2ATzADvBadXxruRBLzYTpT36CKvDb3+aBEFg=
golang.org/x/crypto v0.47.0 h1:V6e3FRj+n4dbpw86FJ8Fv7XVOql7TEwpHapKoMJ/GO8=
golang.org/x/crypto v0.47.0/go.mod h1:ff3Y9VzzKbwSSEzWqJsJVBnWmRwRSHt/6Op5n9bQc4A=
golang.org/x/net v0.49.0 h1:eeHFmOGUTtaaPSGNmjBKpbng9MulQsJURQUAfUwY++o=
golang.org/x/net v0.49.0/go.mod h1:/ysNB2EvaqvesRkuLAyjI1ycPZlQHM3q01F02UY/MV8=
golang.org/x/sys v0.40.0 h1:DBZZqJ2Rkml6QMQsZywtnjnnGvHza6BTfYFWY9kjEWQ=
golang.org/x/sys v0.40.0/go.mod h1:OgkHotnGiDImocRcuBABYBEXf8A9a87e/uXjp9XT3ks=
golang.org/x/text v0.33.0 h1:B3njUFyqtHDUI5jMn1YIr5B0IE2U0qck04r6d4KPAxE=
golang.org/x/text v0.33.0/go.mod h1:LuMebE6+rBincTi9+xWTY8TztLzKHc/9C1uBCG27+q8=
gopkg.in/check.v1 v0.0.0-20161208181325-20d25e280405/go.mod h1:Co6ibVJAznAaIkqp8huTwlJQCZ016jof/cbN4VW5Yz0=
gopkg.in/check.v1 v1.0.0-20201130134442-10cb98267c6c h1:Hei/4ADfdWqJk1ZMxUNpqntNwaWcugrBjAiHlqqRiVk=
gopkg.in/check.v1 v1.0.0-20201130134442-10cb98267c6c/go.mod h1:JHkPIbrfpd72SG/EVd6muEfDQjcINNoR0C8j2r3qZ4Q=
gopkg.in/inf.v0 v0.9.1 h1:73M5CoZyi3ZLMOyDlQh031Cx6N9NDJ2Vvfl76EDAgDc=
gopkg.in/inf.v0 v0.9.1/go.mod h1:cWUDdTG/fYaXco+Dcufb5Vnc6Gp2YChqWtbxRZE0mXw=
gopkg.in/tomb.v1 v1.0.0-20141024135613-dd632973f1e7 h1:uRGJdciOHaEIrze2W8Q3AKkepLTh2hOroT7a+7czfdQ=
gopkg.in/tomb.v1 v1.0.0-20141024135613-dd632973f1e7/go.mod h1:dt/ZhP58zS4L8KSrWDmTeBkI65Dw0HsyUHuEVlX15mw=
gopkg.in/yaml.v3 v3.0.1 h1:fxVm/GzAzEWqLHuvctI91KS9hhNmmWOoWu0XTYJS7CA=
gopkg.in/yaml.v3 v3.0.1/go.mod h1:K4uyk7z7BCEPqu6E+C64Yfv1cQ7kz7rIZviUmN+EgEM=
k8s.io/api v0.35.1 h1:0PO/1FhlK/EQNVK5+txc4FuhQibV25VLSdLMmGpDE/Q=
k8s.io/api v0.35.1/go.mod h1:28uR9xlXWml9eT0uaGo6y71xK86JBELShLy4wR1XtxM=
k8s.io/apimachinery v0.35.2 h1:NqsM/mmZA7sHW02JZ9RTtk3wInRgbVxL8MPfzSANAK8=
k8s.io/apimachinery v0.35.2/go.mod h1:jQCgFZFR1F4Ik7hvr2g84RTJSZegBc8yHgFWKn//hns=
k8s.io/klog/v2 v2.130.1 h1:n9Xl7H1Xvksem4KFG4PYbdQCQxqc/tTUyrgXaOhHSzk=
k8s.io/klog/v2 v2.130.1/go.mod h1:3Jpz1GvMt720eyJH1ckRHK1EDfpxISzJ7I9OYgaDtPE=
k8s.io/kube-openapi v0.0.0-20250910181357-589584f1c912 h1:Y3gxNAuB0OBLImH611+UDZcmKS3g6CthxToOb37KgwE=
k8s.io/kube-openapi v0.0.0-20250910181357-589584f1c912/go.mod h1:kdmbQkyfwUagLfXIad1y2TdrjPFWp2Q89B3qkRwf/pQ=
k8s.io/utils v0.0.0-20260210185600-b8788abfbbc2 h1:AZYQSJemyQB5eRxqcPky+/7EdBj0xi3g0ZcxxJ7vbWU=
k8s.io/utils v0.0.0-20260210185600-b8788abfbbc2/go.mod h1:xDxuJ0whA3d0I4mf/C4ppKHxXynQ+fxnkmQH0vTHnuk=
sigs.k8s.io/json v0.0.0-20250730193827-2d320260d730 h1:IpInykpT6ceI+QxKBbEflcR5EXP7sU1kvOlxwZh5txg=
sigs.k8s.io/json v0.0.0-20250730193827-2d320260d730/go.mod h1:mdzfpAEoE6DHQEN0uh9ZbOCuHbLK5wOm7dK4ctXE9Tg=
sigs.k8s.io/randfill v1.0.0 h1:JfjMILfT8A6RbawdsK2JXGBR5AQVfd+9TbzrlneTyrU=
sigs.k8s.io/randfill v1.0.0/go.mod h1:XeLlZ/jmk4i1HRopwe7/aU3H5n1zNUcX6TM94b3QxOY=
sigs.k8s.io/structured-merge-diff/v6 v6.3.0 h1:jTijUJbW353oVOd9oTlifJqOGEkUw2jB/fXCbTiQEco=
sigs.k8s.io/structured-merge-diff/v6 v6.3.0/go.mod h1:M3W8sfWvn2HhQDIbGWj3S099YozAsymCo/wrT5ohRUE=
sigs.k8s.io/yaml v1.6.0 h1:G8fkbMSAFqgEFgh4b1wmtzDnioxFCUgTZhlbj5P9QYs=
sigs.k8s.io/yaml v1.6.0/go.mod h1:796bPqUfzR/0jLAl6XjHl3Ck7MiyVv8dbTdyT3/pMf4=
